
Microsoft Visual Studio Solution File, Format Version 12.00
# Visual Studio Version 17
VisualStudioVersion = 17.3.32901.215
MinimumVisualStudioVersion = 10.0.40219.1
Project("{FAE04EC0-301F-11D3-BF4B-00C04F79EFBC}") = "2023_GD3_IntroToCSharp", "2023_GD3_IntroToCSharp\2023_GD3_IntroToCSharp.csproj", "{C8CC255B-6C98-4494-8DB6-9F201026E3F2}"
EndProject
Global
	GlobalSection(SolutionConfigurationPlatforms) = preSolution
		Debug|Any CPU = Debug|Any CPU
		Release|Any CPU = Release|Any CPU
	EndGlobalSection
	GlobalSection(ProjectConfigurationPlatforms) = postSolution
		{C8CC255B-6C98-4494-8DB6-9F201026E3F2}.Debug|Any CPU.ActiveCfg = Debug|Any CPU
		{C8CC255B-6C98-4494-8DB6-9F201026E3F2}.Debug|Any CPU.Build.0 = Debug|Any CPU
		{C8CC255B-6C98-4494-8DB6-9F201026E3F2}.Release|Any CPU.ActiveCfg = Release|Any CPU
		{C8CC255B-6C98-4494-8DB6-9F201026E3F2}.Release|Any CPU.Build.0 = Release|Any CPU
	EndGlobalSection
	GlobalSection(SolutionProperties) = preSolution
		HideSolutionNode = FALSE
	EndGlobalSection
	GlobalSection(ExtensibilityGlobals) = postSolution
		SolutionGuid = {0AE6CE93-7A52-42ED-9654-780EEC418134}
	EndGlobalSection
EndGlobal
